
Microsoft Visual Studio Solution File, Format Version 12.00
# Visual Studio Version 16
VisualStudioVersion = 16.0.29920.165
MinimumVisualStudioVersion = 10.0.40219.1
Project("{FAE04EC0-301F-11D3-BF4B-00C04F79EFBC}") = "RMDataManager", "RMDataManager\RMDataManager.csproj", "{337898B7-2878-4E86-B3A9-DAF72F436181}"
EndProject
Project("{00D1A9C2-B5F0-4AF3-8072-F6C62B433612}") = "RMData", "RMData\RMData.sqlproj", "{28CC634D-EAF4-4838-B184-3128C4DFD113}"
EndProject
Project("{FAE04EC0-301F-11D3-BF4B-00C04F79EFBC}") = "RMDesktopUI", "RMDesktopUI\RMDesktopUI.csproj", "{8DA7BA63-6993-48D0-B1AB-F5668DD06211}"
EndProject
Project("{9A19103F-16F7-4668-BE54-9A1E7A4F7556}") = "RMDataManager.Library", "RMDataManager.Library\RMDataManager.Library.csproj", "{6F177DC3-686C-480D-BA0C-2BCEF445D476}"
EndProject
Project("{9A19103F-16F7-4668-BE54-9A1E7A4F7556}") = "RMDesktopUI.Library", "RMDesktopUI.Library\RMDesktopUI.Library.csproj", "{FF8C6FB1-3331-4AD6-970A-46BBB6DB27D7}"
EndProject
Project("{2150E333-8FDC-42A3-9474-1A3956D46DE8}") = "API", "API", "{EB54C6AD-6484-4303-B601-DB84ABF6BD13}"
EndProject
Project("{2150E333-8FDC-42A3-9474-1A3956D46DE8}") = "Database", "Database", "{AD40A81F-669B-4886-8E0C-0B357C8CB13B}"
EndProject
Project("{2150E333-8FDC-42A3-9474-1A3956D46DE8}") = "WPF", "WPF", "{4AC34558-E11F-4C3F-9B0B-8515987CA535}"
EndProject
Project("{2150E333-8FDC-42A3-9474-1A3956D46DE8}") = "Test", "Test", "{A3D3B36A-A230-4849-809E-E72E2E214D13}"
EndProject
Project("{9A19103F-16F7-4668-BE54-9A1E7A4F7556}") = "RMDataApi", "RMDataApi\RMDataApi.csproj", "{A0B081A3-7D61-4C0C-B212-1A5D28E2BA5B}"
EndProject
Global
	GlobalSection(SolutionConfigurationPlatforms) = preSolution
		Debug|Any CPU = Debug|Any CPU
		Release|Any CPU = Release|Any CPU
	EndGlobalSection
	GlobalSection(ProjectConfigurationPlatforms) = postSolution
		{337898B7-2878-4E86-B3A9-DAF72F436181}.Debug|Any CPU.ActiveCfg = Debug|Any CPU
		{337898B7-2878-4E86-B3A9-DAF72F436181}.Debug|Any CPU.Build.0 = Debug|Any CPU
		{337898B7-2878-4E86-B3A9-DAF72F436181}.Release|Any CPU.ActiveCfg = Release|Any CPU
		{337898B7-2878-4E86-B3A9-DAF72F436181}.Release|Any CPU.Build.0 = Release|Any CPU
		{28CC634D-EAF4-4838-B184-3128C4DFD113}.Debug|Any CPU.ActiveCfg = Debug|Any CPU
		{28CC634D-EAF4-4838-B184-3128C4DFD113}.Debug|Any CPU.Build.0 = Debug|Any CPU
		{28CC634D-EAF4-4838-B184-3128C4DFD113}.Debug|Any CPU.Deploy.0 = Debug|Any CPU
		{28CC634D-EAF4-4838-B184-3128C4DFD113}.Release|Any CPU.ActiveCfg = Release|Any CPU
		{28CC634D-EAF4-4838-B184-3128C4DFD113}.Release|Any CPU.Build.0 = Release|Any CPU
		{28CC634D-EAF4-4838-B184-3128C4DFD113}.Release|Any CPU.Deploy.0 = Release|Any CPU
		{8DA7BA63-6993-48D0-B1AB-F5668DD06211}.Debug|Any CPU.ActiveCfg = Debug|Any CPU
		{8DA7BA63-6993-48D0-B1AB-F5668DD06211}.Debug|Any CPU.Build.0 = Debug|Any CPU
		{8DA7BA63-6993-48D0-B1AB-F5668DD06211}.Release|Any CPU.ActiveCfg = Release|Any CPU
		{8DA7BA63-6993-48D0-B1AB-F5668DD06211}.Release|Any CPU.Build.0 = Release|Any CPU
		{6F177DC3-686C-480D-BA0C-2BCEF445D476}.Debug|Any CPU.ActiveCfg = Debug|Any CPU
		{6F177DC3-686C-480D-BA0C-2BCEF445D476}.Debug|Any CPU.Build.0 = Debug|Any CPU
		{6F177DC3-686C-480D-BA0C-2BCEF445D476}.Release|Any CPU.ActiveCfg = Release|Any CPU
		{6F177DC3-686C-480D-BA0C-2BCEF445D476}.Release|Any CPU.Build.0 = Release|Any CPU
		{FF8C6FB1-3331-4AD6-970A-46BBB6DB27D7}.Debug|Any CPU.ActiveCfg = Debug|Any CPU
		{FF8C6FB1-3331-4AD6-970A-46BBB6DB27D7}.Debug|Any CPU.Build.0 = Debug|Any CPU
		{FF8C6FB1-3331-4AD6-970A-46BBB6DB27D7}.Release|Any CPU.ActiveCfg = Release|Any CPU
		{FF8C6FB1-3331-4AD6-970A-46BBB6DB27D7}.Release|Any CPU.Build.0 = Release|Any CPU
		{A0B081A3-7D61-4C0C-B212-1A5D28E2BA5B}.Debug|Any CPU.ActiveCfg = Debug|Any CPU
		{A0B081A3-7D61-4C0C-B212-1A5D28E2BA5B}.Debug|Any CPU.Build.0 = Debug|Any CPU
		{A0B081A3-7D61-4C0C-B212-1A5D28E2BA5B}.Release|Any CPU.ActiveCfg = Release|Any CPU
		{A0B081A3-7D61-4C0C-B212-1A5D28E2BA5B}.Release|Any CPU.Build.0 = Release|Any CPU
	EndGlobalSection
	GlobalSection(SolutionProperties) = preSolution
		HideSolutionNode = FALSE
	EndGlobalSection
	GlobalSection(NestedProjects) = preSolution
		{337898B7-2878-4E86-B3A9-DAF72F436181} = {EB54C6AD-6484-4303-B601-DB84ABF6BD13}
		{28CC634D-EAF4-4838-B184-3128C4DFD113} = {AD40A81F-669B-4886-8E0C-0B357C8CB13B}
		{8DA7BA63-6993-48D0-B1AB-F5668DD06211} = {4AC34558-E11F-4C3F-9B0B-8515987CA535}
		{6F177DC3-686C-480D-BA0C-2BCEF445D476} = {EB54C6AD-6484-4303-B601-DB84ABF6BD13}
		{FF8C6FB1-3331-4AD6-970A-46BBB6DB27D7} = {4AC34558-E11F-4C3F-9B0B-8515987CA535}
		{A0B081A3-7D61-4C0C-B212-1A5D28E2BA5B} = {EB54C6AD-6484-4303-B601-DB84ABF6BD13}
	EndGlobalSection
	GlobalSection(ExtensibilityGlobals) = postSolution
		SolutionGuid = {93E7D776-B861-4C50-98A7-28845555F564}
	EndGlobalSection
EndGlobal
